# This file is autogenerated, do not edit; changes may be undone by the next 'dep ensure'.


[[projects]]
  branch = "master"
  name = "github.com/howeyc/gopass"
  packages = ["."]
  revision = "bf9dde6d0d2c004a008c27aaee91170c786f6db8"

[[projects]]
  name = "github.com/segmentio/go-prompt"
  packages = ["."]
  revision = "0be3d6bb7dff1db1f7d4127e5861ce97772dd891"
  version = "v1.2.0"

[[projects]]
  branch = "master"
  name = "golang.org/x/crypto"
  packages = ["ssh/terminal"]
  revision = "95a4943f35d008beabde8c11e5075a1b714e6419"

[[projects]]
  branch = "master"
  name = "golang.org/x/sys"
  packages = ["unix","windows"]
  revision = "83801418e1b59fb1880e363299581ee543af32ca"

[solve-meta]
  analyzer-name = "dep"
  analyzer-version = 1
  inputs-digest = "d4332660111500cc2a3abd7d305b3737ab060b4c608933ea07e01b4d35ff3c16"
  solver-name = "gps-cdcl"
  solver-version = 1
